
Microsoft Visual Studio Solution File, Format Version 12.00
# Visual Studio Version 17
VisualStudioVersion = 17.12.35707.178 d17.12
MinimumVisualStudioVersion = 10.0.40219.1
Project("{2150E333-8FDC-42A3-9474-1A3956D46DE8}") = "src", "src", "{ACA7B756-9B17-4D0F-B7F7-382CF8E959D9}"
EndProject
Project("{2150E333-8FDC-42A3-9474-1A3956D46DE8}") = "Solution Items", "Solution Items", "{F7C76FAF-C0F7-4B39-90C2-50F8A33C6362}"
	ProjectSection(SolutionItems) = preProject
		ServiceUrls.txt = ServiceUrls.txt
	EndProjectSection
EndProject
Project("{2150E333-8FDC-42A3-9474-1A3956D46DE8}") = "ApiGateways", "ApiGateways", "{C6EA5084-DBAA-4E9F-8DFE-33CD1E8C070E}"
EndProject
Project("{2150E333-8FDC-42A3-9474-1A3956D46DE8}") = "BuildingBlocks", "BuildingBlocks", "{F70D3C9C-1008-46AD-8100-6569F4CBD826}"
EndProject
Project("{2150E333-8FDC-42A3-9474-1A3956D46DE8}") = "Services", "Services", "{05AC65FB-D687-4B52-B0ED-8D368C87D3EE}"
EndProject
Project("{2150E333-8FDC-42A3-9474-1A3956D46DE8}") = "Clients", "Clients", "{303362BB-A84C-4B9C-8A96-A94E37CD7BB6}"
EndProject
Project("{2150E333-8FDC-42A3-9474-1A3956D46DE8}") = "WebApiGetway", "WebApiGetway", "{0F37E54C-AE0F-4BB4-9977-3743D614D412}"
EndProject
Project("{FAE04EC0-301F-11D3-BF4B-00C04F79EFBC}") = "Web.Gateway", "src\ApiGateway\WebApiGateway\Web.Gateway\Web.Gateway.csproj", "{44431758-C08C-4EEB-8BE9-BB1C9D0EBE54}"
EndProject
Project("{2150E333-8FDC-42A3-9474-1A3956D46DE8}") = "EventBus", "EventBus", "{E9BB37E3-3C8C-4C2A-87F4-4B36B185CE8C}"
EndProject
Project("{FAE04EC0-301F-11D3-BF4B-00C04F79EFBC}") = "EventBus.Base", "src\BuildingBlocks\EventBus\EventBus.Base\EventBus.Base.csproj", "{7F5AC2C0-7CA1-4BE5-B595-469D66D1F9BE}"
EndProject
Project("{FAE04EC0-301F-11D3-BF4B-00C04F79EFBC}") = "EventBus.Factory", "src\BuildingBlocks\EventBus\EventBus.Factory\EventBus.Factory.csproj", "{E2B7F077-24A1-45C4-BC57-8ABD54B7E823}"
EndProject
Project("{FAE04EC0-301F-11D3-BF4B-00C04F79EFBC}") = "EventBus.AzureServiceBus", "src\BuildingBlocks\EventBus\EventBus.AzureServiceBus\EventBus.AzureServiceBus.csproj", "{58BBF5EA-BA51-446B-ACE0-1084D5632EFE}"
EndProject
Project("{FAE04EC0-301F-11D3-BF4B-00C04F79EFBC}") = "EventBus.RabbitMQ", "src\BuildingBlocks\EventBus\EventBus.RabbitMQ\EventBus.RabbitMQ.csproj", "{DE8B06FF-5C0C-466B-BCBA-E4AB0CA60000}"
EndProject
Project("{2150E333-8FDC-42A3-9474-1A3956D46DE8}") = "BlazorWebApp", "BlazorWebApp", "{7CEB4B76-4A30-4519-AA49-AEECD22E28F2}"
EndProject
Project("{FAE04EC0-301F-11D3-BF4B-00C04F79EFBC}") = "WebApp", "src\Clients\BlazorWebApp\WebApp\WebApp.csproj", "{EC01BE71-2D80-4F74-BB8E-B206902FD4D4}"
EndProject
Project("{2150E333-8FDC-42A3-9474-1A3956D46DE8}") = "BasketService", "BasketService", "{52A63480-86AC-4B9A-B6E0-6EA8153B6B23}"
EndProject
Project("{FAE04EC0-301F-11D3-BF4B-00C04F79EFBC}") = "BasketService.Api", "src\Services\BasketService\BasketService.Api\BasketService.Api.csproj", "{1EE82F2F-AD48-4BA3-8E2D-545CFD635423}"
EndProject
Project("{FAE04EC0-301F-11D3-BF4B-00C04F79EFBC}") = "CatalogService.Api", "src\Services\CatalogService\CatalogService.Api\CatalogService.Api.csproj", "{058608B0-10DE-476A-9737-B347C7E3FF06}"
EndProject
Project("{2150E333-8FDC-42A3-9474-1A3956D46DE8}") = "CatalogService", "CatalogService", "{364B47E7-D73A-4CCC-BF71-24C5AB0D68FB}"
EndProject
Project("{2150E333-8FDC-42A3-9474-1A3956D46DE8}") = "IdentityService", "IdentityService", "{C87B5A0C-360A-4D00-BD34-93B295EB99EE}"
EndProject
Project("{FAE04EC0-301F-11D3-BF4B-00C04F79EFBC}") = "IdentityService.Api", "src\Services\IdentityService\IdentityService.Api\IdentityService.Api.csproj", "{BA3174E2-707A-49A8-A020-BB47AB4B4198}"
EndProject
Project("{2150E333-8FDC-42A3-9474-1A3956D46DE8}") = "NotificationService", "NotificationService", "{3CA96F02-0CAF-4F69-8CD5-6BE3103E92B7}"
EndProject
Project("{FAE04EC0-301F-11D3-BF4B-00C04F79EFBC}") = "NotificationService", "src\Services\NotificationService\NotificationService\NotificationService.csproj", "{3BFE0E3D-1281-434A-ADD0-E1E0058EA829}"
EndProject
Project("{2150E333-8FDC-42A3-9474-1A3956D46DE8}") = "OrderService", "OrderService", "{F09F477C-3AA9-43EF-9278-CCB95FE88046}"
EndProject
Project("{FAE04EC0-301F-11D3-BF4B-00C04F79EFBC}") = "OrderService.Domain", "src\Services\OrderService\OrderService.Domain\OrderService.Domain.csproj", "{D435E42A-5A6B-43F5-A90B-FA1D52D0D087}"
EndProject
Project("{FAE04EC0-301F-11D3-BF4B-00C04F79EFBC}") = "OrderService.Application", "src\Services\OrderService\OrderService.Application\OrderService.Application.csproj", "{302F479A-5A11-47B3-94D5-EB01FFA120B2}"
EndProject
Project("{FAE04EC0-301F-11D3-BF4B-00C04F79EFBC}") = "OrderService.Infrastructure", "src\Services\OrderService\OrderService.Infrastructure\OrderService.Infrastructure.csproj", "{C6FB8A6E-C967-4C92-93A3-C0178D38FDE4}"
EndProject
Project("{FAE04EC0-301F-11D3-BF4B-00C04F79EFBC}") = "OrderService.Api", "src\Services\OrderService\OrderService.Api\OrderService.Api.csproj", "{E65A4E37-D4A3-49D7-9299-868F0E154ECC}"
EndProject
Project("{2150E333-8FDC-42A3-9474-1A3956D46DE8}") = "PaymentService", "PaymentService", "{87CAF8DF-E9A5-441E-A6FC-F1AC1F1D80AE}"
EndProject
Project("{FAE04EC0-301F-11D3-BF4B-00C04F79EFBC}") = "PaymentService.Api", "src\Services\PaymentService\PaymentService.Api\PaymentService.Api.csproj", "{3648EC7A-B47C-47BF-9B76-4B7DB12B613B}"
EndProject
Global
	GlobalSection(SolutionConfigurationPlatforms) = preSolution
		Debug|Any CPU = Debug|Any CPU
		Release|Any CPU = Release|Any CPU
	EndGlobalSection
	GlobalSection(ProjectConfigurationPlatforms) = postSolution
		{44431758-C08C-4EEB-8BE9-BB1C9D0EBE54}.Debug|Any CPU.ActiveCfg = Debug|Any CPU
		{44431758-C08C-4EEB-8BE9-BB1C9D0EBE54}.Debug|Any CPU.Build.0 = Debug|Any CPU
		{44431758-C08C-4EEB-8BE9-BB1C9D0EBE54}.Release|Any CPU.ActiveCfg = Release|Any CPU
		{44431758-C08C-4EEB-8BE9-BB1C9D0EBE54}.Release|Any CPU.Build.0 = Release|Any CPU
		{7F5AC2C0-7CA1-4BE5-B595-469D66D1F9BE}.Debug|Any CPU.ActiveCfg = Debug|Any CPU
		{7F5AC2C0-7CA1-4BE5-B595-469D66D1F9BE}.Debug|Any CPU.Build.0 = Debug|Any CPU
		{7F5AC2C0-7CA1-4BE5-B595-469D66D1F9BE}.Release|Any CPU.ActiveCfg = Release|Any CPU
		{7F5AC2C0-7CA1-4BE5-B595-469D66D1F9BE}.Release|Any CPU.Build.0 = Release|Any CPU
		{E2B7F077-24A1-45C4-BC57-8ABD54B7E823}.Debug|Any CPU.ActiveCfg = Debug|Any CPU
		{E2B7F077-24A1-45C4-BC57-8ABD54B7E823}.Debug|Any CPU.Build.0 = Debug|Any CPU
		{E2B7F077-24A1-45C4-BC57-8ABD54B7E823}.Release|Any CPU.ActiveCfg = Release|Any CPU
		{E2B7F077-24A1-45C4-BC57-8ABD54B7E823}.Release|Any CPU.Build.0 = Release|Any CPU
		{58BBF5EA-BA51-446B-ACE0-1084D5632EFE}.Debug|Any CPU.ActiveCfg = Debug|Any CPU
		{58BBF5EA-BA51-446B-ACE0-1084D5632EFE}.Debug|Any CPU.Build.0 = Debug|Any CPU
		{58BBF5EA-BA51-446B-ACE0-1084D5632EFE}.Release|Any CPU.ActiveCfg = Release|Any CPU
		{58BBF5EA-BA51-446B-ACE0-1084D5632EFE}.Release|Any CPU.Build.0 = Release|Any CPU
		{DE8B06FF-5C0C-466B-BCBA-E4AB0CA60000}.Debug|Any CPU.ActiveCfg = Debug|Any CPU
		{DE8B06FF-5C0C-466B-BCBA-E4AB0CA60000}.Debug|Any CPU.Build.0 = Debug|Any CPU
		{DE8B06FF-5C0C-466B-BCBA-E4AB0CA60000}.Release|Any CPU.ActiveCfg = Release|Any CPU
		{DE8B06FF-5C0C-466B-BCBA-E4AB0CA60000}.Release|Any CPU.Build.0 = Release|Any CPU
		{EC01BE71-2D80-4F74-BB8E-B206902FD4D4}.Debug|Any CPU.ActiveCfg = Debug|Any CPU
		{EC01BE71-2D80-4F74-BB8E-B206902FD4D4}.Debug|Any CPU.Build.0 = Debug|Any CPU
		{EC01BE71-2D80-4F74-BB8E-B206902FD4D4}.Release|Any CPU.ActiveCfg = Release|Any CPU
		{EC01BE71-2D80-4F74-BB8E-B206902FD4D4}.Release|Any CPU.Build.0 = Release|Any CPU
		{1EE82F2F-AD48-4BA3-8E2D-545CFD635423}.Debug|Any CPU.ActiveCfg = Debug|Any CPU
		{1EE82F2F-AD48-4BA3-8E2D-545CFD635423}.Debug|Any CPU.Build.0 = Debug|Any CPU
		{1EE82F2F-AD48-4BA3-8E2D-545CFD635423}.Release|Any CPU.ActiveCfg = Release|Any CPU
		{1EE82F2F-AD48-4BA3-8E2D-545CFD635423}.Release|Any CPU.Build.0 = Release|Any CPU
		{058608B0-10DE-476A-9737-B347C7E3FF06}.Debug|Any CPU.ActiveCfg = Debug|Any CPU
		{058608B0-10DE-476A-9737-B347C7E3FF06}.Debug|Any CPU.Build.0 = Debug|Any CPU
		{058608B0-10DE-476A-9737-B347C7E3FF06}.Release|Any CPU.ActiveCfg = Release|Any CPU
		{058608B0-10DE-476A-9737-B347C7E3FF06}.Release|Any CPU.Build.0 = Release|Any CPU
		{BA3174E2-707A-49A8-A020-BB47AB4B4198}.Debug|Any CPU.ActiveCfg = Debug|Any CPU
		{BA3174E2-707A-49A8-A020-BB47AB4B4198}.Debug|Any CPU.Build.0 = Debug|Any CPU
		{BA3174E2-707A-49A8-A020-BB47AB4B4198}.Release|Any CPU.ActiveCfg = Release|Any CPU
		{BA3174E2-707A-49A8-A020-BB47AB4B4198}.Release|Any CPU.Build.0 = Release|Any CPU
		{3BFE0E3D-1281-434A-ADD0-E1E0058EA829}.Debug|Any CPU.ActiveCfg = Debug|Any CPU
		{3BFE0E3D-1281-434A-ADD0-E1E0058EA829}.Debug|Any CPU.Build.0 = Debug|Any CPU
		{3BFE0E3D-1281-434A-ADD0-E1E0058EA829}.Release|Any CPU.ActiveCfg = Release|Any CPU
		{3BFE0E3D-1281-434A-ADD0-E1E0058EA829}.Release|Any CPU.Build.0 = Release|Any CPU
		{D435E42A-5A6B-43F5-A90B-FA1D52D0D087}.Debug|Any CPU.ActiveCfg = Debug|Any CPU
		{D435E42A-5A6B-43F5-A90B-FA1D52D0D087}.Debug|Any CPU.Build.0 = Debug|Any CPU
		{D435E42A-5A6B-43F5-A90B-FA1D52D0D087}.Release|Any CPU.ActiveCfg = Release|Any CPU
		{D435E42A-5A6B-43F5-A90B-FA1D52D0D087}.Release|Any CPU.Build.0 = Release|Any CPU
		{302F479A-5A11-47B3-94D5-EB01FFA120B2}.Debug|Any CPU.ActiveCfg = Debug|Any CPU
		{302F479A-5A11-47B3-94D5-EB01FFA120B2}.Debug|Any CPU.Build.0 = Debug|Any CPU
		{302F479A-5A11-47B3-94D5-EB01FFA120B2}.Release|Any CPU.ActiveCfg = Release|Any CPU
		{302F479A-5A11-47B3-94D5-EB01FFA120B2}.Release|Any CPU.Build.0 = Release|Any CPU
		{C6FB8A6E-C967-4C92-93A3-C0178D38FDE4}.Debug|Any CPU.ActiveCfg = Debug|Any CPU
		{C6FB8A6E-C967-4C92-93A3-C0178D38FDE4}.Debug|Any CPU.Build.0 = Debug|Any CPU
		{C6FB8A6E-C967-4C92-93A3-C0178D38FDE4}.Release|Any CPU.ActiveCfg = Release|Any CPU
		{C6FB8A6E-C967-4C92-93A3-C0178D38FDE4}.Release|Any CPU.Build.0 = Release|Any CPU
		{E65A4E37-D4A3-49D7-9299-868F0E154ECC}.Debug|Any CPU.ActiveCfg = Debug|Any CPU
		{E65A4E37-D4A3-49D7-9299-868F0E154ECC}.Debug|Any CPU.Build.0 = Debug|Any CPU
		{E65A4E37-D4A3-49D7-9299-868F0E154ECC}.Release|Any CPU.ActiveCfg = Release|Any CPU
		{E65A4E37-D4A3-49D7-9299-868F0E154ECC}.Release|Any CPU.Build.0 = Release|Any CPU
		{3648EC7A-B47C-47BF-9B76-4B7DB12B613B}.Debug|Any CPU.ActiveCfg = Debug|Any CPU
		{3648EC7A-B47C-47BF-9B76-4B7DB12B613B}.Debug|Any CPU.Build.0 = Debug|Any CPU
		{3648EC7A-B47C-47BF-9B76-4B7DB12B613B}.Release|Any CPU.ActiveCfg = Release|Any CPU
		{3648EC7A-B47C-47BF-9B76-4B7DB12B613B}.Release|Any CPU.Build.0 = Release|Any CPU
	EndGlobalSection
	GlobalSection(SolutionProperties) = preSolution
		HideSolutionNode = FALSE
	EndGlobalSection
	GlobalSection(NestedProjects) = preSolution
		{C6EA5084-DBAA-4E9F-8DFE-33CD1E8C070E} = {ACA7B756-9B17-4D0F-B7F7-382CF8E959D9}
		{F70D3C9C-1008-46AD-8100-6569F4CBD826} = {ACA7B756-9B17-4D0F-B7F7-382CF8E959D9}
		{05AC65FB-D687-4B52-B0ED-8D368C87D3EE} = {ACA7B756-9B17-4D0F-B7F7-382CF8E959D9}
		{303362BB-A84C-4B9C-8A96-A94E37CD7BB6} = {ACA7B756-9B17-4D0F-B7F7-382CF8E959D9}
		{0F37E54C-AE0F-4BB4-9977-3743D614D412} = {C6EA5084-DBAA-4E9F-8DFE-33CD1E8C070E}
		{44431758-C08C-4EEB-8BE9-BB1C9D0EBE54} = {0F37E54C-AE0F-4BB4-9977-3743D614D412}
		{E9BB37E3-3C8C-4C2A-87F4-4B36B185CE8C} = {F70D3C9C-1008-46AD-8100-6569F4CBD826}
		{7F5AC2C0-7CA1-4BE5-B595-469D66D1F9BE} = {E9BB37E3-3C8C-4C2A-87F4-4B36B185CE8C}
		{E2B7F077-24A1-45C4-BC57-8ABD54B7E823} = {E9BB37E3-3C8C-4C2A-87F4-4B36B185CE8C}
		{58BBF5EA-BA51-446B-ACE0-1084D5632EFE} = {E9BB37E3-3C8C-4C2A-87F4-4B36B185CE8C}
		{DE8B06FF-5C0C-466B-BCBA-E4AB0CA60000} = {E9BB37E3-3C8C-4C2A-87F4-4B36B185CE8C}
		{7CEB4B76-4A30-4519-AA49-AEECD22E28F2} = {303362BB-A84C-4B9C-8A96-A94E37CD7BB6}
		{EC01BE71-2D80-4F74-BB8E-B206902FD4D4} = {7CEB4B76-4A30-4519-AA49-AEECD22E28F2}
		{52A63480-86AC-4B9A-B6E0-6EA8153B6B23} = {05AC65FB-D687-4B52-B0ED-8D368C87D3EE}
		{1EE82F2F-AD48-4BA3-8E2D-545CFD635423} = {52A63480-86AC-4B9A-B6E0-6EA8153B6B23}
		{058608B0-10DE-476A-9737-B347C7E3FF06} = {364B47E7-D73A-4CCC-BF71-24C5AB0D68FB}
		{364B47E7-D73A-4CCC-BF71-24C5AB0D68FB} = {05AC65FB-D687-4B52-B0ED-8D368C87D3EE}
		{C87B5A0C-360A-4D00-BD34-93B295EB99EE} = {05AC65FB-D687-4B52-B0ED-8D368C87D3EE}
		{BA3174E2-707A-49A8-A020-BB47AB4B4198} = {C87B5A0C-360A-4D00-BD34-93B295EB99EE}
		{3CA96F02-0CAF-4F69-8CD5-6BE3103E92B7} = {05AC65FB-D687-4B52-B0ED-8D368C87D3EE}
		{3BFE0E3D-1281-434A-ADD0-E1E0058EA829} = {3CA96F02-0CAF-4F69-8CD5-6BE3103E92B7}
		{F09F477C-3AA9-43EF-9278-CCB95FE88046} = {05AC65FB-D687-4B52-B0ED-8D368C87D3EE}
		{D435E42A-5A6B-43F5-A90B-FA1D52D0D087} = {F09F477C-3AA9-43EF-9278-CCB95FE88046}
		{302F479A-5A11-47B3-94D5-EB01FFA120B2} = {F09F477C-3AA9-43EF-9278-CCB95FE88046}
		{C6FB8A6E-C967-4C92-93A3-C0178D38FDE4} = {F09F477C-3AA9-43EF-9278-CCB95FE88046}
		{E65A4E37-D4A3-49D7-9299-868F0E154ECC} = {F09F477C-3AA9-43EF-9278-CCB95FE88046}
		{87CAF8DF-E9A5-441E-A6FC-F1AC1F1D80AE} = {05AC65FB-D687-4B52-B0ED-8D368C87D3EE}
		{3648EC7A-B47C-47BF-9B76-4B7DB12B613B} = {87CAF8DF-E9A5-441E-A6FC-F1AC1F1D80AE}
	EndGlobalSection
EndGlobal
